
Microsoft Visual Studio Solution File, Format Version 12.00
# Visual Studio 2012
Project("{FAE04EC0-301F-11D3-BF4B-00C04F79EFBC}") = "gafj_gblz", "gafj_gblz\gafj_gblz.csproj", "{D6D75718-9558-49AD-A292-9D3FE680BFE1}"
EndProject
Project("{FAE04EC0-301F-11D3-BF4B-00C04F79EFBC}") = "Yisaa.DAL", "Yisaa.DAL\Yisaa.DAL.csproj", "{4AD744E1-E57E-4C76-AAC5-F77B591D72A3}"
EndProject
Project("{FAE04EC0-301F-11D3-BF4B-00C04F79EFBC}") = "Yisaa.BLL", "Yisaa.BLL\Yisaa.BLL.csproj", "{D1B166E9-A3E9-49C9-93F0-A1A6387EEE8B}"
EndProject
Global
	GlobalSection(SolutionConfigurationPlatforms) = preSolution
		Debug|Any CPU = Debug|Any CPU
		Release|Any CPU = Release|Any CPU
	EndGlobalSection
	GlobalSection(ProjectConfigurationPlatforms) = postSolution
		{D6D75718-9558-49AD-A292-9D3FE680BFE1}.Debug|Any CPU.ActiveCfg = Debug|Any CPU
		{D6D75718-9558-49AD-A292-9D3FE680BFE1}.Debug|Any CPU.Build.0 = Debug|Any CPU
		{D6D75718-9558-49AD-A292-9D3FE680BFE1}.Release|Any CPU.ActiveCfg = Release|Any CPU
		{D6D75718-9558-49AD-A292-9D3FE680BFE1}.Release|Any CPU.Build.0 = Release|Any CPU
		{4AD744E1-E57E-4C76-AAC5-F77B591D72A3}.Debug|Any CPU.ActiveCfg = Debug|Any CPU
		{4AD744E1-E57E-4C76-AAC5-F77B591D72A3}.Debug|Any CPU.Build.0 = Debug|Any CPU
		{4AD744E1-E57E-4C76-AAC5-F77B591D72A3}.Release|Any CPU.ActiveCfg = Release|Any CPU
		{4AD744E1-E57E-4C76-AAC5-F77B591D72A3}.Release|Any CPU.Build.0 = Release|Any CPU
		{D1B166E9-A3E9-49C9-93F0-A1A6387EEE8B}.Debug|Any CPU.ActiveCfg = Debug|Any CPU
		{D1B166E9-A3E9-49C9-93F0-A1A6387EEE8B}.Debug|Any CPU.Build.0 = Debug|Any CPU
		{D1B166E9-A3E9-49C9-93F0-A1A6387EEE8B}.Release|Any CPU.ActiveCfg = Release|Any CPU
		{D1B166E9-A3E9-49C9-93F0-A1A6387EEE8B}.Release|Any CPU.Build.0 = Release|Any CPU
	EndGlobalSection
	GlobalSection(SolutionProperties) = preSolution
		HideSolutionNode = FALSE
	EndGlobalSection
EndGlobal
